
Microsoft Visual Studio Solution File, Format Version 12.00
# Visual Studio 15
VisualStudioVersion = 15.0.28307.421
MinimumVisualStudioVersion = 10.0.40219.1
Project("{2150E333-8FDC-42A3-9474-1A3956D46DE8}") = "FibonacciNumbers", "FibonacciNumbers", "{3C5FB7C1-9127-4409-9D73-7BDE67D8B7BD}"
EndProject
Project("{FAE04EC0-301F-11D3-BF4B-00C04F79EFBC}") = "Kata.FibonacciNumbers", "FibonacciNumbers\Kata.FibonacciNumbers\Kata.FibonacciNumbers.csproj", "{C690A9D0-6F81-4987-A7CC-951D06AD917F}"
EndProject
Project("{9A19103F-16F7-4668-BE54-9A1E7A4F7556}") = "Kata.FibonacciNumbers.Test", "FibonacciNumbers\Kata.FibonacciNumbers.Test\Kata.FibonacciNumbers.Test.csproj", "{0E30F215-A9C6-45BB-9233-AF35ADA34508}"
EndProject
Global
	GlobalSection(SolutionConfigurationPlatforms) = preSolution
		Debug|Any CPU = Debug|Any CPU
		Release|Any CPU = Release|Any CPU
	EndGlobalSection
	GlobalSection(ProjectConfigurationPlatforms) = postSolution
		{C690A9D0-6F81-4987-A7CC-951D06AD917F}.Debug|Any CPU.ActiveCfg = Debug|Any CPU
		{C690A9D0-6F81-4987-A7CC-951D06AD917F}.Debug|Any CPU.Build.0 = Debug|Any CPU
		{C690A9D0-6F81-4987-A7CC-951D06AD917F}.Release|Any CPU.ActiveCfg = Release|Any CPU
		{C690A9D0-6F81-4987-A7CC-951D06AD917F}.Release|Any CPU.Build.0 = Release|Any CPU
		{0E30F215-A9C6-45BB-9233-AF35ADA34508}.Debug|Any CPU.ActiveCfg = Debug|Any CPU
		{0E30F215-A9C6-45BB-9233-AF35ADA34508}.Debug|Any CPU.Build.0 = Debug|Any CPU
		{0E30F215-A9C6-45BB-9233-AF35ADA34508}.Release|Any CPU.ActiveCfg = Release|Any CPU
		{0E30F215-A9C6-45BB-9233-AF35ADA34508}.Release|Any CPU.Build.0 = Release|Any CPU
	EndGlobalSection
	GlobalSection(SolutionProperties) = preSolution
		HideSolutionNode = FALSE
	EndGlobalSection
	GlobalSection(NestedProjects) = preSolution
		{C690A9D0-6F81-4987-A7CC-951D06AD917F} = {3C5FB7C1-9127-4409-9D73-7BDE67D8B7BD}
		{0E30F215-A9C6-45BB-9233-AF35ADA34508} = {3C5FB7C1-9127-4409-9D73-7BDE67D8B7BD}
	EndGlobalSection
	GlobalSection(ExtensibilityGlobals) = postSolution
		SolutionGuid = {1F182552-EF64-4B1B-B83F-28FB18191B61}
	EndGlobalSection
EndGlobal
